
Microsoft Visual Studio Solution File, Format Version 12.00
# Visual Studio Version 16
VisualStudioVersion = 16.0.31424.327
MinimumVisualStudioVersion = 10.0.40219.1
Project("{FAE04EC0-301F-11D3-BF4B-00C04F79EFBC}") = "DefferedLinqQuery", "DefferedLinqQuery.csproj", "{18CD6C42-5385-4FFC-9E7F-27B08BEBD4A9}"
EndProject
Global
	GlobalSection(SolutionConfigurationPlatforms) = preSolution
		Debug|Any CPU = Debug|Any CPU
		Release|Any CPU = Release|Any CPU
	EndGlobalSection
	GlobalSection(ProjectConfigurationPlatforms) = postSolution
		{18CD6C42-5385-4FFC-9E7F-27B08BEBD4A9}.Debug|Any CPU.ActiveCfg = Debug|Any CPU
		{18CD6C42-5385-4FFC-9E7F-27B08BEBD4A9}.Debug|Any CPU.Build.0 = Debug|Any CPU
		{18CD6C42-5385-4FFC-9E7F-27B08BEBD4A9}.Release|Any CPU.ActiveCfg = Release|Any CPU
		{18CD6C42-5385-4FFC-9E7F-27B08BEBD4A9}.Release|Any CPU.Build.0 = Release|Any CPU
	EndGlobalSection
	GlobalSection(SolutionProperties) = preSolution
		HideSolutionNode = FALSE
	EndGlobalSection
	GlobalSection(ExtensibilityGlobals) = postSolution
		SolutionGuid = {195A2B82-1076-4601-9661-DA45BF0B4EDD}
	EndGlobalSection
EndGlobal
